
Microsoft Visual Studio Solution File, Format Version 12.00
# Visual Studio Version 17
VisualStudioVersion = 17.2.32630.192
MinimumVisualStudioVersion = 10.0.40219.1
Project("{9A19103F-16F7-4668-BE54-9A1E7A4F7556}") = "RecipeApp", "RecipeApp\RecipeApp.csproj", "{D76091FA-2764-4D23-8A45-405CF5581999}"
EndProject
Project("{9A19103F-16F7-4668-BE54-9A1E7A4F7556}") = "DataAccessLibrary", "DataAccessLibrary\DataAccessLibrary.csproj", "{40CE07EA-ED99-4E68-A006-0A8CE8CC69B8}"
EndProject
Project("{00D1A9C2-B5F0-4AF3-8072-F6C62B433612}") = "DapperDB", "DapperDB\DapperDB.sqlproj", "{D901ABCE-C49C-4747-9204-FF0260A8B4F6}"
EndProject
Global
	GlobalSection(SolutionConfigurationPlatforms) = preSolution
		Debug|Any CPU = Debug|Any CPU
		Release|Any CPU = Release|Any CPU
	EndGlobalSection
	GlobalSection(ProjectConfigurationPlatforms) = postSolution
		{D76091FA-2764-4D23-8A45-405CF5581999}.Debug|Any CPU.ActiveCfg = Debug|Any CPU
		{D76091FA-2764-4D23-8A45-405CF5581999}.Debug|Any CPU.Build.0 = Debug|Any CPU
		{D76091FA-2764-4D23-8A45-405CF5581999}.Release|Any CPU.ActiveCfg = Release|Any CPU
		{D76091FA-2764-4D23-8A45-405CF5581999}.Release|Any CPU.Build.0 = Release|Any CPU
		{40CE07EA-ED99-4E68-A006-0A8CE8CC69B8}.Debug|Any CPU.ActiveCfg = Debug|Any CPU
		{40CE07EA-ED99-4E68-A006-0A8CE8CC69B8}.Debug|Any CPU.Build.0 = Debug|Any CPU
		{40CE07EA-ED99-4E68-A006-0A8CE8CC69B8}.Release|Any CPU.ActiveCfg = Release|Any CPU
		{40CE07EA-ED99-4E68-A006-0A8CE8CC69B8}.Release|Any CPU.Build.0 = Release|Any CPU
		{D901ABCE-C49C-4747-9204-FF0260A8B4F6}.Debug|Any CPU.ActiveCfg = Debug|Any CPU
		{D901ABCE-C49C-4747-9204-FF0260A8B4F6}.Debug|Any CPU.Build.0 = Debug|Any CPU
		{D901ABCE-C49C-4747-9204-FF0260A8B4F6}.Debug|Any CPU.Deploy.0 = Debug|Any CPU
		{D901ABCE-C49C-4747-9204-FF0260A8B4F6}.Release|Any CPU.ActiveCfg = Release|Any CPU
		{D901ABCE-C49C-4747-9204-FF0260A8B4F6}.Release|Any CPU.Build.0 = Release|Any CPU
		{D901ABCE-C49C-4747-9204-FF0260A8B4F6}.Release|Any CPU.Deploy.0 = Release|Any CPU
	EndGlobalSection
	GlobalSection(SolutionProperties) = preSolution
		HideSolutionNode = FALSE
	EndGlobalSection
	GlobalSection(ExtensibilityGlobals) = postSolution
		SolutionGuid = {D56F6F9F-2E6E-47BF-9D3F-BC5AE7E5E248}
	EndGlobalSection
EndGlobal
